// !$*UTF8*$!
{
	archiveVersion = 1;
	classes = {
	};
	objectVersion = 46;
	objects = {

/* Begin PBXBuildFile section */
		5ADA3DC91A9140F000CF486A /* main.m in Sources */ = {isa = PBXBuildFile; fileRef = 5ADA3DC81A9140F000CF486A /* main.m */; };
		5ADA3DCC1A9140F000CF486A /* AppDelegate.m in Sources */ = {isa = PBXBuildFile; fileRef = 5ADA3DCB1A9140F000CF486A /* AppDelegate.m */; };
		5ADA3DCF1A9140F000CF486A /* ViewController.m in Sources */ = {isa = PBXBuildFile; fileRef = 5ADA3DCE1A9140F000CF486A /* ViewController.m */; };
		5ADA3DD21A9140F000CF486A /* Main.storyboard in Resources */ = {isa = PBXBuildFile; fileRef = 5ADA3DD01A9140F000CF486A /* Main.storyboard */; };
		5ADA3DD41A9140F000CF486A /* Images.xcassets in Resources */ = {isa = PBXBuildFile; fileRef = 5ADA3DD31A9140F000CF486A /* Images.xcassets */; };
		5ADA3DD71A9140F000CF486A /* LaunchScreen.xib in Resources */ = {isa = PBXBuildFile; fileRef = 5ADA3DD51A9140F000CF486A /* LaunchScreen.xib */; };
		5ADA3DE31A9140F000CF486A /* QuizTests.m in Sources */ = {isa = PBXBuildFile; fileRef = 5ADA3DE21A9140F000CF486A /* QuizTests.m */; };
/* End PBXBuildFile section */

/* Begin PBXContainerItemProxy section */
		5ADA3DDD1A9140F000CF486A /* PBXContainerItemProxy */ = {
			isa = PBXContainerItemProxy;
			containerPortal = 5ADA3DBB1A9140EF00CF486A /* Project object */;
			proxyType = 1;
			remoteGlobalIDString = 5ADA3DC21A9140EF00CF486A;
			remoteInfo = Quiz;
		};
/* End PBXContainerItemProxy section */

/* Begin PBXFileReference section */
		5ADA3DC31A9140F000CF486A /* Quiz.app */ = {isa = PBXFileReference; explicitFileType = wrapper.application; includeInIndex = 0; path = Quiz.app; sourceTree = BUILT_PRODUCTS_DIR; };
		5ADA3DC71A9140F000CF486A /* Info.plist */ = {isa = PBXFileReference; lastKnownFileType = text.plist.xml; path = Info.plist; sourceTree = "<group>"; };
		5ADA3DC81A9140F000CF486A /* main.m */ = {isa = PBXFileReference; lastKnownFileType = sourcecode.c.objc; path = main.m; sourceTree = "<group>"; };
		5ADA3DCA1A9140F000CF486A /* AppDelegate.h */ = {isa = PBXFileReference; lastKnownFileType = sourcecode.c.h; path = AppDelegate.h; sourceTree = "<group>"; };
		5ADA3DCB1A9140F000CF486A /* AppDelegate.m */ = {isa = PBXFileReference; lastKnownFileType = sourcecode.c.objc; path = AppDelegate.m; sourceTree = "<group>"; };
		5ADA3DCD1A9140F000CF486A /* ViewController.h */ = {isa = PBXFileReference; lastKnownFileType = sourcecode.c.h; path = ViewController.h; sourceTree = "<group>"; };
		5ADA3DCE1A9140F000CF486A /* ViewController.m */ = {isa = PBXFileReference; lastKnownFileType = sourcecode.c.objc; path = ViewController.m; sourceTree = "<group>"; };
		5ADA3DD11A9140F000CF486A /* Base */ = {isa = PBXFileReference; lastKnownFileType = file.storyboard; name = Base; path = Base.lproj/Main.storyboard; sourceTree = "<group>"; };
		5ADA3DD31A9140F000CF486A /* Images.xcassets */ = {isa = PBXFileReference; lastKnownFileType = folder.assetcatalog; path = Images.xcassets; sourceTree = "<group>"; };
		5ADA3DD61A9140F000CF486A /* Base */ = {isa = PBXFileReference; lastKnownFileType = file.xib; name = Base; path = Base.lproj/LaunchScreen.xib; sourceTree = "<group>"; };
		5ADA3DDC1A9140F000CF486A /* QuizTests.xctest */ = {isa = PBXFileReference; explicitFileType = wrapper.cfbundle; includeInIndex = 0; path = QuizTests.xctest; sourceTree = BUILT_PRODUCTS_DIR; };
		5ADA3DE11A9140F000CF486A /* Info.plist */ = {isa = PBXFileReference; lastKnownFileType = text.plist.xml; path = Info.plist; sourceTree = "<group>"; };
		5ADA3DE21A9140F000CF486A /* QuizTests.m */ = {isa = PBXFileReference; lastKnownFileType = sourcecode.c.objc; path = QuizTests.m; sourceTree = "<group>"; };
/* End PBXFileReference section */

/* Begin PBXFrameworksBuildPhase section */
		5ADA3DC01A9140EF00CF486A /* Frameworks */ = {
			isa = PBXFrameworksBuildPhase;
			buildActionMask = 2147483647;
			files = (
			);
			runOnlyForDeploymentPostprocessing = 0;
		};
		5ADA3DD91A9140F000CF486A /* Frameworks */ = {
			isa = PBXFrameworksBuildPhase;
			buildActionMask = 2147483647;
			files = (
			);
			runOnlyForDeploymentPostprocessing = 0;
		};
/* End PBXFrameworksBuildPhase section */

/* Begin PBXGroup section */
		5ADA3DBA1A9140EF00CF486A = {
			isa = PBXGroup;
			children = (
				5ADA3DC51A9140F000CF486A /* Quiz */,
				5ADA3DDF1A9140F000CF486A /* QuizTests */,
				5ADA3DC41A9140F000CF486A /* Products */,
			);
			sourceTree = "<group>";
		};
		5ADA3DC41A9140F000CF486A /* Products */ = {
			isa = PBXGroup;
			children = (
				5ADA3DC31A9140F000CF486A /* Quiz.app */,
				5ADA3DDC1A9140F000CF486A /* QuizTests.xctest */,
			);
			name = Products;
			sourceTree = "<group>";
		};
		5ADA3DC51A9140F000CF486A /* Quiz */ = {
			isa = PBXGroup;
			children = (
				5ADA3DCA1A9140F000CF486A /* AppDelegate.h */,
				5ADA3DCB1A9140F000CF486A /* AppDelegate.m */,
				5ADA3DCD1A9140F000CF486A /* ViewController.h */,
				5ADA3DCE1A9140F000CF486A /* ViewController.m */,
				5ADA3DD01A9140F000CF486A /* Main.storyboard */,
				5ADA3DD31A9140F000CF486A /* Images.xcassets */,
				5ADA3DD51A9140F000CF486A /* LaunchScreen.xib */,
				5ADA3DC61A9140F000CF486A /* Supporting Files */,
			);
			path = Quiz;
			sourceTree = "<group>";
		};
		5ADA3DC61A9140F000CF486A /* Supporting Files */ = {
			isa = PBXGroup;
			children = (
				5ADA3DC71A9140F000CF486A /* Info.plist */,
				5ADA3DC81A9140F000CF486A /* main.m */,
			);
			name = "Supporting Files";
			sourceTree = "<group>";
		};
		5ADA3DDF1A9140F000CF486A /* QuizTests */ = {
			isa = PBXGroup;
			children = (
				5ADA3DE21A9140F000CF486A /* QuizTests.m */,
				5ADA3DE01A9140F000CF486A /* Supporting Files */,
			);
			path = QuizTests;
			sourceTree = "<group>";
		};
		5ADA3DE01A9140F000CF486A /* Supporting Files */ = {
			isa = PBXGroup;
			children = (
				5ADA3DE11A9140F000CF486A /* Info.plist */,
			);
			name = "Supporting Files";
			sourceTree = "<group>";
		};
/* End PBXGroup section */

/* Begin PBXNativeTarget section */
		5ADA3DC21A9140EF00CF486A /* Quiz */ = {
			isa = PBXNativeTarget;
			buildConfigurationList = 5ADA3DE61A9140F000CF486A /* Build configuration list for PBXNativeTarget "Quiz" */;
			buildPhases = (
				5ADA3DBF1A9140EF00CF486A /* Sources */,
				5ADA3DC01A9140EF00CF486A /* Frameworks */,
				5ADA3DC11A9140EF00CF486A /* Resources */,
			);
			buildRules = (
			);
			dependencies = (
			);
			name = Quiz;
			productName = Quiz;
			productReference = 5ADA3DC31A9140F000CF486A /* Quiz.app */;
			productType = "com.apple.product-type.application";
		};
		5ADA3DDB1A9140F000CF486A /* QuizTests */ = {
			isa = PBXNativeTarget;
			buildConfigurationList = 5ADA3DE91A9140F000CF486A /* Build configuration list for PBXNativeTarget "QuizTests" */;
			buildPhases = (
				5ADA3DD81A9140F000CF486A /* Sources */,
				5ADA3DD91A9140F000CF486A /* Frameworks */,
				5ADA3DDA1A9140F000CF486A /* Resources */,
			);
			buildRules = (
			);
			dependencies = (
				5ADA3DDE1A9140F000CF486A /* PBXTargetDependency */,
			);
			name = QuizTests;
			productName = QuizTests;
			productReference = 5ADA3DDC1A9140F000CF486A /* QuizTests.xctest */;
			productType = "com.apple.product-type.bundle.unit-test";
		};
/* End PBXNativeTarget section */

/* Begin PBXProject section */
		5ADA3DBB1A9140EF00CF486A /* Project object */ = {
			isa = PBXProject;
			attributes = {
				LastUpgradeCheck = 0610;
				ORGANIZATIONNAME = "ExcepApps, Inc";
				TargetAttributes = {
					5ADA3DC21A9140EF00CF486A = {
						CreatedOnToolsVersion = 6.1.1;
					};
					5ADA3DDB1A9140F000CF486A = {
						CreatedOnToolsVersion = 6.1.1;
						TestTargetID = 5ADA3DC21A9140EF00CF486A;
					};
				};
			};
			buildConfigurationList = 5ADA3DBE1A9140EF00CF486A /* Build configuration list for PBXProject "Quiz" */;
			compatibilityVersion = "Xcode 3.2";
			developmentRegion = English;
			hasScannedForEncodings = 0;
			knownRegions = (
				en,
				Base,
			);
			mainGroup = 5ADA3DBA1A9140EF00CF486A;
			productRefGroup = 5ADA3DC41A9140F000CF486A /* Products */;
			projectDirPath = "";
			projectRoot = "";
			targets = (
				5ADA3DC21A9140EF00CF486A /* Quiz */,
				5ADA3DDB1A9140F000CF486A /* QuizTests */,
			);
		};
/* End PBXProject section */

/* Begin PBXResourcesBuildPhase section */
		5ADA3DC11A9140EF00CF486A /* Resources */ = {
			isa = PBXResourcesBuildPhase;
			buildActionMask = 2147483647;
			files = (
				5ADA3DD21A9140F000CF486A /* Main.storyboard in Resources */,
				5ADA3DD71A9140F000CF486A /* LaunchScreen.xib in Resources */,
				5ADA3DD41A9140F000CF486A /* Images.xcassets in Resources */,
			);
			runOnlyForDeploymentPostprocessing = 0;
		};
		5ADA3DDA1A9140F000CF486A /* Resources */ = {
			isa = PBXResourcesBuildPhase;
			buildActionMask = 2147483647;
			files = (
			);
			runOnlyForDeploymentPostprocessing = 0;
		};
/* End PBXResourcesBuildPhase section */

/* Begin PBXSourcesBuildPhase section */
		5ADA3DBF1A9140EF00CF486A /* Sources */ = {
			isa = PBXSourcesBuildPhase;
			buildActionMask = 2147483647;
			files = (
				5ADA3DCF1A9140F000CF486A /* ViewController.m in Sources */,
				5ADA3DCC1A9140F000CF486A /* AppDelegate.m in Sources */,
				5ADA3DC91A9140F000CF486A /* main.m in Sources */,
			);
			runOnlyForDeploymentPostprocessing = 0;
		};
		5ADA3DD81A9140F000CF486A /* Sources */ = {
			isa = PBXSourcesBuildPhase;
			buildActionMask = 2147483647;
			files = (
				5ADA3DE31A9140F000CF486A /* QuizTests.m in Sources */,
			);
			runOnlyForDeploymentPostprocessing = 0;
		};
/* End PBXSourcesBuildPhase section */

/* Begin PBXTargetDependency section */
		5ADA3DDE1A9140F000CF486A /* PBXTargetDependency */ = {
			isa = PBXTargetDependency;
			target = 5ADA3DC21A9140EF00CF486A /* Quiz */;
			targetProxy = 5ADA3DDD1A9140F000CF486A /* PBXContainerItemProxy */;
		};
/* End PBXTargetDependency section */

/* Begin PBXVariantGroup section */
		5ADA3DD01A9140F000CF486A /* Main.storyboard */ = {
			isa = PBXVariantGroup;
			children = (
				5ADA3DD11A9140F000CF486A /* Base */,
			);
			name = Main.storyboard;
			sourceTree = "<group>";
		};
		5ADA3DD51A9140F000CF486A /* LaunchScreen.xib */ = {
			isa = PBXVariantGroup;
			children = (
				5ADA3DD61A9140F000CF486A /* Base */,
			);
			name = LaunchScreen.xib;
			sourceTree = "<group>";
		};
/* End PBXVariantGroup section */

/* Begin XCBuildConfiguration section */
		5ADA3DE41A9140F000CF486A /* Debug */ = {
			isa = XCBuildConfiguration;
			buildSettings = {
				ALWAYS_SEARCH_USER_PATHS = NO;
				CLANG_CXX_LANGUAGE_STANDARD = "gnu++0x";
				CLANG_CXX_LIBRARY = "libc++";
				CLANG_ENABLE_MODULES = YES;
				CLANG_ENABLE_OBJC_ARC = YES;
				CLANG_WARN_BOOL_CONVERSION = YES;
				CLANG_WARN_CONSTANT_CONVERSION = YES;
				CLANG_WARN_DIRECT_OBJC_ISA_USAGE = YES_ERROR;
				CLANG_WARN_EMPTY_BODY = YES;
				CLANG_WARN_ENUM_CONVERSION = YES;
				CLANG_WARN_INT_CONVERSION = YES;
				CLANG_WARN_OBJC_ROOT_CLASS = YES_ERROR;
				CLANG_WARN_UNREACHABLE_CODE = YES;
				CLANG_WARN__DUPLICATE_METHOD_MATCH = YES;
				"CODE_SIGN_IDENTITY[sdk=iphoneos*]" = "iPhone Developer";
				COPY_PHASE_STRIP = NO;
				ENABLE_STRICT_OBJC_MSGSEND = YES;
				GCC_C_LANGUAGE_STANDARD = gnu99;
				GCC_DYNAMIC_NO_PIC = NO;
				GCC_OPTIMIZATION_LEVEL = 0;
				GCC_PREPROCESSOR_DEFINITIONS = (
					"DEBUG=1",
					"$(inherited)",
				);
				GCC_SYMBOLS_PRIVATE_EXTERN = NO;
				GCC_WARN_64_TO_32_BIT_CONVERSION = YES;
				GCC_WARN_ABOUT_RETURN_TYPE = YES_ERROR;
				GCC_WARN_UNDECLARED_SELECTOR = YES;
				GCC_WARN_UNINITIALIZED_AUTOS = YES_AGGRESSIVE;
				GCC_WARN_UNUSED_FUNCTION = YES;
				GCC_WARN_UNUSED_VARIABLE = YES;
				IPHONEOS_DEPLOYMENT_TARGET = 8.1;
				MTL_ENABLE_DEBUG_INFO = YES;
				ONLY_ACTIVE_ARCH = YES;
				SDKROOT = iphoneos;
			};
			name = Debug;
		};
		5ADA3DE51A9140F000CF486A /* Release */ = {
			isa = XCBuildConfiguration;
			buildSettings = {
				ALWAYS_SEARCH_USER_PATHS = NO;
				CLANG_CXX_LANGUAGE_STANDARD = "gnu++0x";
				CLANG_CXX_LIBRARY = "libc++";
				CLANG_ENABLE_MODULES = YES;
				CLANG_ENABLE_OBJC_ARC = YES;
				CLANG_WARN_BOOL_CONVERSION = YES;
				CLANG_WARN_CONSTANT_CONVERSION = YES;
				CLANG_WARN_DIRECT_OBJC_ISA_USAGE = YES_ERROR;
				CLANG_WARN_EMPTY_BODY = YES;
				CLANG_WARN_ENUM_CONVERSION = YES;
				CLANG_WARN_INT_CONVERSION = YES;
				CLANG_WARN_OBJC_ROOT_CLASS = YES_ERROR;
				CLANG_WARN_UNREACHABLE_CODE = YES;
				CLANG_WARN__DUPLICATE_METHOD_MATCH = YES;
				"CODE_SIGN_IDENTITY[sdk=iphoneos*]" = "iPhone Developer";
				COPY_PHASE_STRIP = YES;
				ENABLE_NS_ASSERTIONS = NO;
				ENABLE_STRICT_OBJC_MSGSEND = YES;
				GCC_C_LANGUAGE_STANDARD = gnu99;
				GCC_WARN_64_TO_32_BIT_CONVERSION = YES;
				GCC_WARN_ABOUT_RETURN_TYPE = YES_ERROR;
				GCC_WARN_UNDECLARED_SELECTOR = YES;
				GCC_WARN_UNINITIALIZED_AUTOS = YES_AGGRESSIVE;
				GCC_WARN_UNUSED_FUNCTION = YES;
				GCC_WARN_UNUSED_VARIABLE = YES;
				IPHONEOS_DEPLOYMENT_TARGET = 8.1;
				MTL_ENABLE_DEBUG_INFO = NO;
				SDKROOT = iphoneos;
				VALIDATE_PRODUCT = YES;
			};
			name = Release;
		};
		5ADA3DE71A9140F000CF486A /* Debug */ = {
			isa = XCBuildConfiguration;
			buildSettings = {
				ASSETCATALOG_COMPILER_APPICON_NAME = AppIcon;
				INFOPLIST_FILE = Quiz/Info.plist;
				LD_RUNPATH_SEARCH_PATHS = "$(inherited) @executable_path/Frameworks";
				PRODUCT_NAME = "$(TARGET_NAME)";
			};
			name = Debug;
		};
		5ADA3DE81A9140F000CF486A /* Release */ = {
			isa = XCBuildConfiguration;
			buildSettings = {
				ASSETCATALOG_COMPILER_APPICON_NAME = AppIcon;
				INFOPLIST_FILE = Quiz/Info.plist;
				LD_RUNPATH_SEARCH_PATHS = "$(inherited) @executable_path/Frameworks";
				PRODUCT_NAME = "$(TARGET_NAME)";
			};
			name = Release;
		};
		5ADA3DEA1A9140F000CF486A /* Debug */ = {
			isa = XCBuildConfiguration;
			buildSettings = {
				BUNDLE_LOADER = "$(TEST_HOST)";
				FRAMEWORK_SEARCH_PATHS = (
					"$(SDKROOT)/Developer/Library/Frameworks",
					"$(inherited)",
				);
				GCC_PREPROCESSOR_DEFINITIONS = (
					"DEBUG=1",
					"$(inherited)",
				);
				INFOPLIST_FILE = QuizTests/Info.plist;
				LD_RUNPATH_SEARCH_PATHS = "$(inherited) @executable_path/Frameworks @loader_path/Frameworks";
				PRODUCT_NAME = "$(TARGET_NAME)";
				TEST_HOST = "$(BUILT_PRODUCTS_DIR)/Quiz.app/Quiz";
			};
			name = Debug;
		};
		5ADA3DEB1A9140F000CF486A /* Release */ = {
			isa = XCBuildConfiguration;
			buildSettings = {
				BUNDLE_LOADER = "$(TEST_HOST)";
				FRAMEWORK_SEARCH_PATHS = (
					"$(SDKROOT)/Developer/Library/Frameworks",
					"$(inherited)",
				);
				INFOPLIST_FILE = QuizTests/Info.plist;
				LD_RUNPATH_SEARCH_PATHS = "$(inherited) @executable_path/Frameworks @loader_path/Frameworks";
				PRODUCT_NAME = "$(TARGET_NAME)";
				TEST_HOST = "$(BUILT_PRODUCTS_DIR)/Quiz.app/Quiz";
			};
			name = Release;
		};
/* End XCBuildConfiguration section */

/* Begin XCConfigurationList section */
		5ADA3DBE1A9140EF00CF486A /* Build configuration list for PBXProject "Quiz" */ = {
			isa = XCConfigurationList;
			buildConfigurations = (
				5ADA3DE41A9140F000CF486A /* Debug */,
				5ADA3DE51A9140F000CF486A /* Release */,
			);
			defaultConfigurationIsVisible = 0;
			defaultConfigurationName = Release;
		};
		5ADA3DE61A9140F000CF486A /* Build configuration list for PBXNativeTarget "Quiz" */ = {
			isa = XCConfigurationList;
			buildConfigurations = (
				5ADA3DE71A9140F000CF486A /* Debug */,
				5ADA3DE81A9140F000CF486A /* Release */,
			);
			defaultConfigurationIsVisible = 0;
		};
		5ADA3DE91A9140F000CF486A /* Build configuration list for PBXNativeTarget "QuizTests" */ = {
			isa = XCConfigurationList;
			buildConfigurations = (
				5ADA3DEA1A9140F000CF486A /* Debug */,
				5ADA3DEB1A9140F000CF486A /* Release */,
			);
			defaultConfigurationIsVisible = 0;
		};
/* End XCConfigurationList section */
	};
	rootObject = 5ADA3DBB1A9140EF00CF486A /* Project object */;
}
